
Microsoft Visual Studio Solution File, Format Version 12.00
# Visual Studio 14
VisualStudioVersion = 14.0.24720.0
MinimumVisualStudioVersion = 10.0.40219.1
Project("{FAE04EC0-301F-11D3-BF4B-00C04F79EFBC}") = "Server", "Server\Server.csproj", "{CC4C7EB3-F168-488D-A67E-61E0B3EAA07E}"
EndProject
Project("{FAE04EC0-301F-11D3-BF4B-00C04F79EFBC}") = "Client", "Client\Client.csproj", "{3D13FB2F-2598-4237-B2E8-B1B3D3F62526}"
EndProject
Global
	GlobalSection(SolutionConfigurationPlatforms) = preSolution
		Debug|Any CPU = Debug|Any CPU
		Release|Any CPU = Release|Any CPU
	EndGlobalSection
	GlobalSection(ProjectConfigurationPlatforms) = postSolution
		{CC4C7EB3-F168-488D-A67E-61E0B3EAA07E}.Debug|Any CPU.ActiveCfg = Debug|Any CPU
		{CC4C7EB3-F168-488D-A67E-61E0B3EAA07E}.Debug|Any CPU.Build.0 = Debug|Any CPU
		{CC4C7EB3-F168-488D-A67E-61E0B3EAA07E}.Release|Any CPU.ActiveCfg = Release|Any CPU
		{CC4C7EB3-F168-488D-A67E-61E0B3EAA07E}.Release|Any CPU.Build.0 = Release|Any CPU
		{3D13FB2F-2598-4237-B2E8-B1B3D3F62526}.Debug|Any CPU.ActiveCfg = Debug|Any CPU
		{3D13FB2F-2598-4237-B2E8-B1B3D3F62526}.Debug|Any CPU.Build.0 = Debug|Any CPU
		{3D13FB2F-2598-4237-B2E8-B1B3D3F62526}.Release|Any CPU.ActiveCfg = Release|Any CPU
		{3D13FB2F-2598-4237-B2E8-B1B3D3F62526}.Release|Any CPU.Build.0 = Release|Any CPU
	EndGlobalSection
	GlobalSection(SolutionProperties) = preSolution
		HideSolutionNode = FALSE
	EndGlobalSection
EndGlobal
